{
  "name": "Dynamic Website",
  "lockfileVersion": 3,
  "requires": true,
  "packages": {
    "": {
      "dependencies": {
        "@coffeeandfun/google-profanity-words": "^2.1.0"
      }
    },
    "node_modules/@coffeeandfun/google-profanity-words": {
      "version": "2.1.0",
      "resolved": "https://registry.npmjs.org/@coffeeandfun/google-profanity-words/-/google-profanity-words-2.1.0.tgz",
      "integrity": "sha512-j7/N2C01g5W22ReQ4laVR5MdTFRidDLkVY9z6z9Mresla83sd9vQalMXypQnT1+RuHErEfGIYNm5/Hu/LF/zzA=="
    }
  }
}
